
Microsoft Visual Studio Solution File, Format Version 12.00
# Visual Studio Version 17
VisualStudioVersion = 17.0.32014.148
MinimumVisualStudioVersion = 10.0.40219.1
Project("{8BC9CEB8-8B4A-11D0-8D11-00A0C91BC942}") = "RexExp_for_C++", "RexExp_for_C++\RexExp_for_C++.vcxproj", "{7B99C23B-DC53-4D45-ACBB-CF8EF30D16FB}"
EndProject
Global
	GlobalSection(SolutionConfigurationPlatforms) = preSolution
		Debug|x64 = Debug|x64
		Debug|x86 = Debug|x86
		Release|x64 = Release|x64
		Release|x86 = Release|x86
	EndGlobalSection
	GlobalSection(ProjectConfigurationPlatforms) = postSolution
		{7B99C23B-DC53-4D45-ACBB-CF8EF30D16FB}.Debug|x64.ActiveCfg = Debug|x64
		{7B99C23B-DC53-4D45-ACBB-CF8EF30D16FB}.Debug|x64.Build.0 = Debug|x64
		{7B99C23B-DC53-4D45-ACBB-CF8EF30D16FB}.Debug|x86.ActiveCfg = Debug|Win32
		{7B99C23B-DC53-4D45-ACBB-CF8EF30D16FB}.Debug|x86.Build.0 = Debug|Win32
		{7B99C23B-DC53-4D45-ACBB-CF8EF30D16FB}.Release|x64.ActiveCfg = Release|x64
		{7B99C23B-DC53-4D45-ACBB-CF8EF30D16FB}.Release|x64.Build.0 = Release|x64
		{7B99C23B-DC53-4D45-ACBB-CF8EF30D16FB}.Release|x86.ActiveCfg = Release|Win32
		{7B99C23B-DC53-4D45-ACBB-CF8EF30D16FB}.Release|x86.Build.0 = Release|Win32
	EndGlobalSection
	GlobalSection(SolutionProperties) = preSolution
		HideSolutionNode = FALSE
	EndGlobalSection
	GlobalSection(ExtensibilityGlobals) = postSolution
		SolutionGuid = {78D744CE-CF1B-49E2-9F46-74D804E358E2}
	EndGlobalSection
EndGlobal
